// !$*UTF8*$!
{
	archiveVersion = 1;
	classes = {
	};
	objectVersion = 50;
	objects = {

/* Begin PBXBuildFile section */
		4F2BC0A425D9B50A008CB078 /* WeatherResultViewController.swift in Sources */ = {isa = PBXBuildFile; fileRef = 4F2BC0A325D9B50A008CB078 /* WeatherResultViewController.swift */; };
		4F2BC0A925D9B607008CB078 /* WeatherResultHeaderView.xib in Resources */ = {isa = PBXBuildFile; fileRef = 4F2BC0A825D9B607008CB078 /* WeatherResultHeaderView.xib */; };
		4F2BC0AE25D9B624008CB078 /* WeatherResultHeaderView.swift in Sources */ = {isa = PBXBuildFile; fileRef = 4F2BC0AD25D9B624008CB078 /* WeatherResultHeaderView.swift */; };
		4FA13CBE25D7B43D004D100A /* AppDelegate.swift in Sources */ = {isa = PBXBuildFile; fileRef = 4FA13CBD25D7B43D004D100A /* AppDelegate.swift */; };
		4FA13CC025D7B43D004D100A /* SceneDelegate.swift in Sources */ = {isa = PBXBuildFile; fileRef = 4FA13CBF25D7B43D004D100A /* SceneDelegate.swift */; };
		4FA13CC525D7B43D004D100A /* Main.storyboard in Resources */ = {isa = PBXBuildFile; fileRef = 4FA13CC325D7B43D004D100A /* Main.storyboard */; };
		4FA13CC725D7B43F004D100A /* Assets.xcassets in Resources */ = {isa = PBXBuildFile; fileRef = 4FA13CC625D7B43F004D100A /* Assets.xcassets */; };
		4FA13CCA25D7B43F004D100A /* LaunchScreen.storyboard in Resources */ = {isa = PBXBuildFile; fileRef = 4FA13CC825D7B43F004D100A /* LaunchScreen.storyboard */; };
		4FA13CE025D7B440004D100A /* WeatherAppUITests.swift in Sources */ = {isa = PBXBuildFile; fileRef = 4FA13CDF25D7B440004D100A /* WeatherAppUITests.swift */; };
		4FA13CFB25D7B926004D100A /* Color.xcassets in Resources */ = {isa = PBXBuildFile; fileRef = 4FA13CFA25D7B926004D100A /* Color.xcassets */; };
		4FA13D0025D7BC89004D100A /* UIColour+Extension.swift in Sources */ = {isa = PBXBuildFile; fileRef = 4FA13CFF25D7BC89004D100A /* UIColour+Extension.swift */; };
		4FA13D0525D7BD9E004D100A /* Scene.swift in Sources */ = {isa = PBXBuildFile; fileRef = 4FA13D0425D7BD9E004D100A /* Scene.swift */; };
		4FA13D0A25D7BE14004D100A /* Weather.swift in Sources */ = {isa = PBXBuildFile; fileRef = 4FA13D0925D7BE14004D100A /* Weather.swift */; };
		4FA13D0F25D7BF94004D100A /* Weather+Extension.swift in Sources */ = {isa = PBXBuildFile; fileRef = 4FA13D0E25D7BF94004D100A /* Weather+Extension.swift */; };
		4FA13D2925D7C898004D100A /* Environment.swift in Sources */ = {isa = PBXBuildFile; fileRef = 4FA13D2825D7C898004D100A /* Environment.swift */; };
		4FA13D2E25D7C8FD004D100A /* SessionManager.swift in Sources */ = {isa = PBXBuildFile; fileRef = 4FA13D2D25D7C8FD004D100A /* SessionManager.swift */; };
		4FA13D3F25D7CB94004D100A /* Endpoint.swift in Sources */ = {isa = PBXBuildFile; fileRef = 4FA13D3E25D7CB94004D100A /* Endpoint.swift */; };
		4FA13D4425D7CBCA004D100A /* HTTPTask.swift in Sources */ = {isa = PBXBuildFile; fileRef = 4FA13D4325D7CBCA004D100A /* HTTPTask.swift */; };
		4FA13D4925D7CC00004D100A /* HTTPMethod.swift in Sources */ = {isa = PBXBuildFile; fileRef = 4FA13D4825D7CC00004D100A /* HTTPMethod.swift */; };
		4FA13D5525D7CD2B004D100A /* NetworkClient.swift in Sources */ = {isa = PBXBuildFile; fileRef = 4FA13D5425D7CD2B004D100A /* NetworkClient.swift */; };
		4FA13D6025D7CE3E004D100A /* RemoteWeatherLoader.swift in Sources */ = {isa = PBXBuildFile; fileRef = 4FA13D5F25D7CE3E004D100A /* RemoteWeatherLoader.swift */; };
		4FA13D7625D7D18B004D100A /* RemoteWeatherLoaderTests.swift in Sources */ = {isa = PBXBuildFile; fileRef = 4FA13D7525D7D18B004D100A /* RemoteWeatherLoaderTests.swift */; };
		4FA13D9725D804A1004D100A /* WeatherDataMapper.swift in Sources */ = {isa = PBXBuildFile; fileRef = 4FA13D9625D804A0004D100A /* WeatherDataMapper.swift */; };
		4FA13D9C25D81A10004D100A /* WeatherLoader.swift in Sources */ = {isa = PBXBuildFile; fileRef = 4FA13D9B25D81A10004D100A /* WeatherLoader.swift */; };
		4FA13DA425D82550004D100A /* MockCurrentWeatherData.json in Resources */ = {isa = PBXBuildFile; fileRef = 4FA13DA325D82550004D100A /* MockCurrentWeatherData.json */; };
		4FA13DAE25D82C63004D100A /* RemoteWeatherResponse.swift in Sources */ = {isa = PBXBuildFile; fileRef = 4FA13DAD25D82C63004D100A /* RemoteWeatherResponse.swift */; };
		4FA13DB925D83152004D100A /* NetworkRouter.swift in Sources */ = {isa = PBXBuildFile; fileRef = 4FA13DB825D83152004D100A /* NetworkRouter.swift */; };
		4FA13DBE25D8317C004D100A /* RequestBuilder.swift in Sources */ = {isa = PBXBuildFile; fileRef = 4FA13DBD25D8317C004D100A /* RequestBuilder.swift */; };
		4FA13DCB25D83260004D100A /* RequestBuilderTests.swift in Sources */ = {isa = PBXBuildFile; fileRef = 4FA13DCA25D83260004D100A /* RequestBuilderTests.swift */; };
		4FA13DD025D856D1004D100A /* NetworkRouterTests.swift in Sources */ = {isa = PBXBuildFile; fileRef = 4FA13DCF25D856D1004D100A /* NetworkRouterTests.swift */; };
/* End PBXBuildFile section */

/* Begin PBXContainerItemProxy section */
		4FA13CD125D7B440004D100A /* PBXContainerItemProxy */ = {
			isa = PBXContainerItemProxy;
			containerPortal = 4FA13CB225D7B43D004D100A /* Project object */;
			proxyType = 1;
			remoteGlobalIDString = 4FA13CB925D7B43D004D100A;
			remoteInfo = WeatherApp;
		};
		4FA13CDC25D7B440004D100A /* PBXContainerItemProxy */ = {
			isa = PBXContainerItemProxy;
			containerPortal = 4FA13CB225D7B43D004D100A /* Project object */;
			proxyType = 1;
			remoteGlobalIDString = 4FA13CB925D7B43D004D100A;
			remoteInfo = WeatherApp;
		};
/* End PBXContainerItemProxy section */

/* Begin PBXFileReference section */
		4F2BC0A325D9B50A008CB078 /* WeatherResultViewController.swift */ = {isa = PBXFileReference; lastKnownFileType = sourcecode.swift; path = WeatherResultViewController.swift; sourceTree = "<group>"; };
		4F2BC0A825D9B607008CB078 /* WeatherResultHeaderView.xib */ = {isa = PBXFileReference; lastKnownFileType = file.xib; path = WeatherResultHeaderView.xib; sourceTree = "<group>"; };
		4F2BC0AD25D9B624008CB078 /* WeatherResultHeaderView.swift */ = {isa = PBXFileReference; lastKnownFileType = sourcecode.swift; path = WeatherResultHeaderView.swift; sourceTree = "<group>"; };
		4FA13CBA25D7B43D004D100A /* WeatherApp.app */ = {isa = PBXFileReference; explicitFileType = wrapper.application; includeInIndex = 0; path = WeatherApp.app; sourceTree = BUILT_PRODUCTS_DIR; };
		4FA13CBD25D7B43D004D100A /* AppDelegate.swift */ = {isa = PBXFileReference; lastKnownFileType = sourcecode.swift; path = AppDelegate.swift; sourceTree = "<group>"; };
		4FA13CBF25D7B43D004D100A /* SceneDelegate.swift */ = {isa = PBXFileReference; lastKnownFileType = sourcecode.swift; path = SceneDelegate.swift; sourceTree = "<group>"; };
		4FA13CC425D7B43D004D100A /* Base */ = {isa = PBXFileReference; lastKnownFileType = file.storyboard; name = Base; path = Base.lproj/Main.storyboard; sourceTree = "<group>"; };
		4FA13CC625D7B43F004D100A /* Assets.xcassets */ = {isa = PBXFileReference; lastKnownFileType = folder.assetcatalog; path = Assets.xcassets; sourceTree = "<group>"; };
		4FA13CC925D7B43F004D100A /* Base */ = {isa = PBXFileReference; lastKnownFileType = file.storyboard; name = Base; path = Base.lproj/LaunchScreen.storyboard; sourceTree = "<group>"; };
		4FA13CCB25D7B43F004D100A /* Info.plist */ = {isa = PBXFileReference; lastKnownFileType = text.plist.xml; path = Info.plist; sourceTree = "<group>"; };
		4FA13CD025D7B440004D100A /* WeatherAppTests.xctest */ = {isa = PBXFileReference; explicitFileType = wrapper.cfbundle; includeInIndex = 0; path = WeatherAppTests.xctest; sourceTree = BUILT_PRODUCTS_DIR; };
		4FA13CD625D7B440004D100A /* Info.plist */ = {isa = PBXFileReference; lastKnownFileType = text.plist.xml; path = Info.plist; sourceTree = "<group>"; };
		4FA13CDB25D7B440004D100A /* WeatherAppUITests.xctest */ = {isa = PBXFileReference; explicitFileType = wrapper.cfbundle; includeInIndex = 0; path = WeatherAppUITests.xctest; sourceTree = BUILT_PRODUCTS_DIR; };
		4FA13CDF25D7B440004D100A /* WeatherAppUITests.swift */ = {isa = PBXFileReference; lastKnownFileType = sourcecode.swift; path = WeatherAppUITests.swift; sourceTree = "<group>"; };
		4FA13CE125D7B440004D100A /* Info.plist */ = {isa = PBXFileReference; lastKnownFileType = text.plist.xml; path = Info.plist; sourceTree = "<group>"; };
		4FA13CFA25D7B926004D100A /* Color.xcassets */ = {isa = PBXFileReference; lastKnownFileType = folder.assetcatalog; path = Color.xcassets; sourceTree = "<group>"; };
		4FA13CFF25D7BC89004D100A /* UIColour+Extension.swift */ = {isa = PBXFileReference; lastKnownFileType = sourcecode.swift; path = "UIColour+Extension.swift"; sourceTree = "<group>"; };
		4FA13D0425D7BD9E004D100A /* Scene.swift */ = {isa = PBXFileReference; lastKnownFileType = sourcecode.swift; path = Scene.swift; sourceTree = "<group>"; };
		4FA13D0925D7BE14004D100A /* Weather.swift */ = {isa = PBXFileReference; lastKnownFileType = sourcecode.swift; path = Weather.swift; sourceTree = "<group>"; };
		4FA13D0E25D7BF94004D100A /* Weather+Extension.swift */ = {isa = PBXFileReference; lastKnownFileType = sourcecode.swift; path = "Weather+Extension.swift"; sourceTree = "<group>"; };
		4FA13D2825D7C898004D100A /* Environment.swift */ = {isa = PBXFileReference; lastKnownFileType = sourcecode.swift; path = Environment.swift; sourceTree = "<group>"; };
		4FA13D2D25D7C8FD004D100A /* SessionManager.swift */ = {isa = PBXFileReference; lastKnownFileType = sourcecode.swift; path = SessionManager.swift; sourceTree = "<group>"; };
		4FA13D3E25D7CB94004D100A /* Endpoint.swift */ = {isa = PBXFileReference; lastKnownFileType = sourcecode.swift; path = Endpoint.swift; sourceTree = "<group>"; };
		4FA13D4325D7CBCA004D100A /* HTTPTask.swift */ = {isa = PBXFileReference; lastKnownFileType = sourcecode.swift; path = HTTPTask.swift; sourceTree = "<group>"; };
		4FA13D4825D7CC00004D100A /* HTTPMethod.swift */ = {isa = PBXFileReference; lastKnownFileType = sourcecode.swift; path = HTTPMethod.swift; sourceTree = "<group>"; };
		4FA13D5425D7CD2B004D100A /* NetworkClient.swift */ = {isa = PBXFileReference; lastKnownFileType = sourcecode.swift; path = NetworkClient.swift; sourceTree = "<group>"; };
		4FA13D5F25D7CE3E004D100A /* RemoteWeatherLoader.swift */ = {isa = PBXFileReference; lastKnownFileType = sourcecode.swift; path = RemoteWeatherLoader.swift; sourceTree = "<group>"; };
		4FA13D7525D7D18B004D100A /* RemoteWeatherLoaderTests.swift */ = {isa = PBXFileReference; lastKnownFileType = sourcecode.swift; path = RemoteWeatherLoaderTests.swift; sourceTree = "<group>"; };
		4FA13D9625D804A0004D100A /* WeatherDataMapper.swift */ = {isa = PBXFileReference; lastKnownFileType = sourcecode.swift; path = WeatherDataMapper.swift; sourceTree = "<group>"; };
		4FA13D9B25D81A10004D100A /* WeatherLoader.swift */ = {isa = PBXFileReference; lastKnownFileType = sourcecode.swift; path = WeatherLoader.swift; sourceTree = "<group>"; };
		4FA13DA325D82550004D100A /* MockCurrentWeatherData.json */ = {isa = PBXFileReference; lastKnownFileType = text.json; path = MockCurrentWeatherData.json; sourceTree = "<group>"; };
		4FA13DAD25D82C63004D100A /* RemoteWeatherResponse.swift */ = {isa = PBXFileReference; lastKnownFileType = sourcecode.swift; path = RemoteWeatherResponse.swift; sourceTree = "<group>"; };
		4FA13DB825D83152004D100A /* NetworkRouter.swift */ = {isa = PBXFileReference; lastKnownFileType = sourcecode.swift; path = NetworkRouter.swift; sourceTree = "<group>"; };
		4FA13DBD25D8317C004D100A /* RequestBuilder.swift */ = {isa = PBXFileReference; lastKnownFileType = sourcecode.swift; path = RequestBuilder.swift; sourceTree = "<group>"; };
		4FA13DCA25D83260004D100A /* RequestBuilderTests.swift */ = {isa = PBXFileReference; lastKnownFileType = sourcecode.swift; path = RequestBuilderTests.swift; sourceTree = "<group>"; };
		4FA13DCF25D856D1004D100A /* NetworkRouterTests.swift */ = {isa = PBXFileReference; lastKnownFileType = sourcecode.swift; path = NetworkRouterTests.swift; sourceTree = "<group>"; };
/* End PBXFileReference section */

/* Begin PBXFrameworksBuildPhase section */
		4FA13CB725D7B43D004D100A /* Frameworks */ = {
			isa = PBXFrameworksBuildPhase;
			buildActionMask = 2147483647;
			files = (
			);
			runOnlyForDeploymentPostprocessing = 0;
		};
		4FA13CCD25D7B440004D100A /* Frameworks */ = {
			isa = PBXFrameworksBuildPhase;
			buildActionMask = 2147483647;
			files = (
			);
			runOnlyForDeploymentPostprocessing = 0;
		};
		4FA13CD825D7B440004D100A /* Frameworks */ = {
			isa = PBXFrameworksBuildPhase;
			buildActionMask = 2147483647;
			files = (
			);
			runOnlyForDeploymentPostprocessing = 0;
		};
/* End PBXFrameworksBuildPhase section */

/* Begin PBXGroup section */
		4FA13CB125D7B43D004D100A = {
			isa = PBXGroup;
			children = (
				4FA13CBC25D7B43D004D100A /* WeatherApp */,
				4FA13CD325D7B440004D100A /* WeatherAppTests */,
				4FA13CDE25D7B440004D100A /* WeatherAppUITests */,
				4FA13CBB25D7B43D004D100A /* Products */,
			);
			sourceTree = "<group>";
		};
		4FA13CBB25D7B43D004D100A /* Products */ = {
			isa = PBXGroup;
			children = (
				4FA13CBA25D7B43D004D100A /* WeatherApp.app */,
				4FA13CD025D7B440004D100A /* WeatherAppTests.xctest */,
				4FA13CDB25D7B440004D100A /* WeatherAppUITests.xctest */,
			);
			name = Products;
			sourceTree = "<group>";
		};
		4FA13CBC25D7B43D004D100A /* WeatherApp */ = {
			isa = PBXGroup;
			children = (
				4FA13CBD25D7B43D004D100A /* AppDelegate.swift */,
				4FA13CBF25D7B43D004D100A /* SceneDelegate.swift */,
				4FA13D0425D7BD9E004D100A /* Scene.swift */,
				4FA13D0925D7BE14004D100A /* Weather.swift */,
				4FA13D0E25D7BF94004D100A /* Weather+Extension.swift */,
				4F2BC0A325D9B50A008CB078 /* WeatherResultViewController.swift */,
				4F2BC0AD25D9B624008CB078 /* WeatherResultHeaderView.swift */,
				4FA13CFF25D7BC89004D100A /* UIColour+Extension.swift */,
				4FA13D9B25D81A10004D100A /* WeatherLoader.swift */,
				4FA13D6425D7CE62004D100A /* WeatherAPI */,
				4FA13D4D25D7CC20004D100A /* Network */,
				4FA13D3225D7CAF6004D100A /* Session */,
				4FA13D1325D7C3E4004D100A /* Resource */,
				4FA13CC325D7B43D004D100A /* Main.storyboard */,
				4F2BC0A825D9B607008CB078 /* WeatherResultHeaderView.xib */,
				4FA13CC825D7B43F004D100A /* LaunchScreen.storyboard */,
			);
			path = WeatherApp;
			sourceTree = "<group>";
		};
		4FA13CD325D7B440004D100A /* WeatherAppTests */ = {
			isa = PBXGroup;
			children = (
				4FA13CD625D7B440004D100A /* Info.plist */,
				4FA13D7525D7D18B004D100A /* RemoteWeatherLoaderTests.swift */,
				4FA13DCA25D83260004D100A /* RequestBuilderTests.swift */,
				4FA13DCF25D856D1004D100A /* NetworkRouterTests.swift */,
				4FA13DA325D82550004D100A /* MockCurrentWeatherData.json */,
			);
			path = WeatherAppTests;
			sourceTree = "<group>";
		};
		4FA13CDE25D7B440004D100A /* WeatherAppUITests */ = {
			isa = PBXGroup;
			children = (
				4FA13CDF25D7B440004D100A /* WeatherAppUITests.swift */,
				4FA13CE125D7B440004D100A /* Info.plist */,
			);
			path = WeatherAppUITests;
			sourceTree = "<group>";
		};
		4FA13D1325D7C3E4004D100A /* Resource */ = {
			isa = PBXGroup;
			children = (
				4FA13CC625D7B43F004D100A /* Assets.xcassets */,
				4FA13CFA25D7B926004D100A /* Color.xcassets */,
				4FA13CCB25D7B43F004D100A /* Info.plist */,
			);
			path = Resource;
			sourceTree = "<group>";
		};
		4FA13D3225D7CAF6004D100A /* Session */ = {
			isa = PBXGroup;
			children = (
				4FA13D2825D7C898004D100A /* Environment.swift */,
				4FA13D2D25D7C8FD004D100A /* SessionManager.swift */,
			);
			path = Session;
			sourceTree = "<group>";
		};
		4FA13D4D25D7CC20004D100A /* Network */ = {
			isa = PBXGroup;
			children = (
				4FA13D3E25D7CB94004D100A /* Endpoint.swift */,
				4FA13D4325D7CBCA004D100A /* HTTPTask.swift */,
				4FA13D4825D7CC00004D100A /* HTTPMethod.swift */,
				4FA13D5425D7CD2B004D100A /* NetworkClient.swift */,
				4FA13DBD25D8317C004D100A /* RequestBuilder.swift */,
				4FA13DB825D83152004D100A /* NetworkRouter.swift */,
			);
			path = Network;
			sourceTree = "<group>";
		};
		4FA13D6425D7CE62004D100A /* WeatherAPI */ = {
			isa = PBXGroup;
			children = (
				4FA13D9625D804A0004D100A /* WeatherDataMapper.swift */,
				4FA13D5F25D7CE3E004D100A /* RemoteWeatherLoader.swift */,
				4FA13DAD25D82C63004D100A /* RemoteWeatherResponse.swift */,
			);
			path = WeatherAPI;
			sourceTree = "<group>";
		};
/* End PBXGroup section */

/* Begin PBXNativeTarget section */
		4FA13CB925D7B43D004D100A /* WeatherApp */ = {
			isa = PBXNativeTarget;
			buildConfigurationList = 4FA13CE425D7B440004D100A /* Build configuration list for PBXNativeTarget "WeatherApp" */;
			buildPhases = (
				4FA13CB625D7B43D004D100A /* Sources */,
				4FA13CB725D7B43D004D100A /* Frameworks */,
				4FA13CB825D7B43D004D100A /* Resources */,
				4FA13CF325D7B701004D100A /* SwiftLint + Run Script */,
			);
			buildRules = (
			);
			dependencies = (
			);
			name = WeatherApp;
			productName = WeatherApp;
			productReference = 4FA13CBA25D7B43D004D100A /* WeatherApp.app */;
			productType = "com.apple.product-type.application";
		};
		4FA13CCF25D7B440004D100A /* WeatherAppTests */ = {
			isa = PBXNativeTarget;
			buildConfigurationList = 4FA13CE725D7B440004D100A /* Build configuration list for PBXNativeTarget "WeatherAppTests" */;
			buildPhases = (
				4FA13CCC25D7B440004D100A /* Sources */,
				4FA13CCD25D7B440004D100A /* Frameworks */,
				4FA13CCE25D7B440004D100A /* Resources */,
			);
			buildRules = (
			);
			dependencies = (
				4FA13CD225D7B440004D100A /* PBXTargetDependency */,
			);
			name = WeatherAppTests;
			productName = WeatherAppTests;
			productReference = 4FA13CD025D7B440004D100A /* WeatherAppTests.xctest */;
			productType = "com.apple.product-type.bundle.unit-test";
		};
		4FA13CDA25D7B440004D100A /* WeatherAppUITests */ = {
			isa = PBXNativeTarget;
			buildConfigurationList = 4FA13CEA25D7B440004D100A /* Build configuration list for PBXNativeTarget "WeatherAppUITests" */;
			buildPhases = (
				4FA13CD725D7B440004D100A /* Sources */,
				4FA13CD825D7B440004D100A /* Frameworks */,
				4FA13CD925D7B440004D100A /* Resources */,
			);
			buildRules = (
			);
			dependencies = (
				4FA13CDD25D7B440004D100A /* PBXTargetDependency */,
			);
			name = WeatherAppUITests;
			productName = WeatherAppUITests;
			productReference = 4FA13CDB25D7B440004D100A /* WeatherAppUITests.xctest */;
			productType = "com.apple.product-type.bundle.ui-testing";
		};
/* End PBXNativeTarget section */

/* Begin PBXProject section */
		4FA13CB225D7B43D004D100A /* Project object */ = {
			isa = PBXProject;
			attributes = {
				LastSwiftUpdateCheck = 1220;
				LastUpgradeCheck = 1220;
				TargetAttributes = {
					4FA13CB925D7B43D004D100A = {
						CreatedOnToolsVersion = 12.2;
					};
					4FA13CCF25D7B440004D100A = {
						CreatedOnToolsVersion = 12.2;
						LastSwiftMigration = 1220;
						TestTargetID = 4FA13CB925D7B43D004D100A;
					};
					4FA13CDA25D7B440004D100A = {
						CreatedOnToolsVersion = 12.2;
						TestTargetID = 4FA13CB925D7B43D004D100A;
					};
				};
			};
			buildConfigurationList = 4FA13CB525D7B43D004D100A /* Build configuration list for PBXProject "WeatherApp" */;
			compatibilityVersion = "Xcode 9.3";
			developmentRegion = en;
			hasScannedForEncodings = 0;
			knownRegions = (
				en,
				Base,
			);
			mainGroup = 4FA13CB125D7B43D004D100A;
			productRefGroup = 4FA13CBB25D7B43D004D100A /* Products */;
			projectDirPath = "";
			projectRoot = "";
			targets = (
				4FA13CB925D7B43D004D100A /* WeatherApp */,
				4FA13CCF25D7B440004D100A /* WeatherAppTests */,
				4FA13CDA25D7B440004D100A /* WeatherAppUITests */,
			);
		};
/* End PBXProject section */

/* Begin PBXResourcesBuildPhase section */
		4FA13CB825D7B43D004D100A /* Resources */ = {
			isa = PBXResourcesBuildPhase;
			buildActionMask = 2147483647;
			files = (
				4FA13CCA25D7B43F004D100A /* LaunchScreen.storyboard in Resources */,
				4FA13CFB25D7B926004D100A /* Color.xcassets in Resources */,
				4F2BC0A925D9B607008CB078 /* WeatherResultHeaderView.xib in Resources */,
				4FA13CC725D7B43F004D100A /* Assets.xcassets in Resources */,
				4FA13CC525D7B43D004D100A /* Main.storyboard in Resources */,
			);
			runOnlyForDeploymentPostprocessing = 0;
		};
		4FA13CCE25D7B440004D100A /* Resources */ = {
			isa = PBXResourcesBuildPhase;
			buildActionMask = 2147483647;
			files = (
				4FA13DA425D82550004D100A /* MockCurrentWeatherData.json in Resources */,
			);
			runOnlyForDeploymentPostprocessing = 0;
		};
		4FA13CD925D7B440004D100A /* Resources */ = {
			isa = PBXResourcesBuildPhase;
			buildActionMask = 2147483647;
			files = (
			);
			runOnlyForDeploymentPostprocessing = 0;
		};
/* End PBXResourcesBuildPhase section */

/* Begin PBXShellScriptBuildPhase section */
		4FA13CF325D7B701004D100A /* SwiftLint + Run Script */ = {
			isa = PBXShellScriptBuildPhase;
			buildActionMask = 2147483647;
			files = (
			);
			inputFileListPaths = (
			);
			inputPaths = (
			);
			name = "SwiftLint + Run Script";
			outputFileListPaths = (
			);
			outputPaths = (
			);
			runOnlyForDeploymentPostprocessing = 0;
			shellPath = /bin/sh;
			shellScript = "# Type a script or drag a script file from your workspace to insert its path.\nif which swiftlint >/dev/null; then\n  swiftlint --config .swiftlint.yml\nelse\n  echo \"warning: SwiftLint not installed, download from https://github.com/realm/SwiftLint\"\nfi\n";
		};
/* End PBXShellScriptBuildPhase section */

/* Begin PBXSourcesBuildPhase section */
		4FA13CB625D7B43D004D100A /* Sources */ = {
			isa = PBXSourcesBuildPhase;
			buildActionMask = 2147483647;
			files = (
				4FA13D0525D7BD9E004D100A /* Scene.swift in Sources */,
				4FA13DAE25D82C63004D100A /* RemoteWeatherResponse.swift in Sources */,
				4FA13D3F25D7CB94004D100A /* Endpoint.swift in Sources */,
				4FA13DBE25D8317C004D100A /* RequestBuilder.swift in Sources */,
				4FA13CBE25D7B43D004D100A /* AppDelegate.swift in Sources */,
				4F2BC0A425D9B50A008CB078 /* WeatherResultViewController.swift in Sources */,
				4FA13D4925D7CC00004D100A /* HTTPMethod.swift in Sources */,
				4FA13D0025D7BC89004D100A /* UIColour+Extension.swift in Sources */,
				4FA13D2925D7C898004D100A /* Environment.swift in Sources */,
				4FA13CC025D7B43D004D100A /* SceneDelegate.swift in Sources */,
				4FA13D9C25D81A10004D100A /* WeatherLoader.swift in Sources */,
				4F2BC0AE25D9B624008CB078 /* WeatherResultHeaderView.swift in Sources */,
				4FA13D9725D804A1004D100A /* WeatherDataMapper.swift in Sources */,
				4FA13D4425D7CBCA004D100A /* HTTPTask.swift in Sources */,
				4FA13D0F25D7BF94004D100A /* Weather+Extension.swift in Sources */,
				4FA13D2E25D7C8FD004D100A /* SessionManager.swift in Sources */,
				4FA13D0A25D7BE14004D100A /* Weather.swift in Sources */,
				4FA13DB925D83152004D100A /* NetworkRouter.swift in Sources */,
				4FA13D6025D7CE3E004D100A /* RemoteWeatherLoader.swift in Sources */,
				4FA13D5525D7CD2B004D100A /* NetworkClient.swift in Sources */,
			);
			runOnlyForDeploymentPostprocessing = 0;
		};
		4FA13CCC25D7B440004D100A /* Sources */ = {
			isa = PBXSourcesBuildPhase;
			buildActionMask = 2147483647;
			files = (
				4FA13D7625D7D18B004D100A /* RemoteWeatherLoaderTests.swift in Sources */,
				4FA13DD025D856D1004D100A /* NetworkRouterTests.swift in Sources */,
				4FA13DCB25D83260004D100A /* RequestBuilderTests.swift in Sources */,
			);
			runOnlyForDeploymentPostprocessing = 0;
		};
		4FA13CD725D7B440004D100A /* Sources */ = {
			isa = PBXSourcesBuildPhase;
			buildActionMask = 2147483647;
			files = (
				4FA13CE025D7B440004D100A /* WeatherAppUITests.swift in Sources */,
			);
			runOnlyForDeploymentPostprocessing = 0;
		};
/* End PBXSourcesBuildPhase section */

/* Begin PBXTargetDependency section */
		4FA13CD225D7B440004D100A /* PBXTargetDependency */ = {
			isa = PBXTargetDependency;
			target = 4FA13CB925D7B43D004D100A /* WeatherApp */;
			targetProxy = 4FA13CD125D7B440004D100A /* PBXContainerItemProxy */;
		};
		4FA13CDD25D7B440004D100A /* PBXTargetDependency */ = {
			isa = PBXTargetDependency;
			target = 4FA13CB925D7B43D004D100A /* WeatherApp */;
			targetProxy = 4FA13CDC25D7B440004D100A /* PBXContainerItemProxy */;
		};
/* End PBXTargetDependency section */

/* Begin PBXVariantGroup section */
		4FA13CC325D7B43D004D100A /* Main.storyboard */ = {
			isa = PBXVariantGroup;
			children = (
				4FA13CC425D7B43D004D100A /* Base */,
			);
			name = Main.storyboard;
			sourceTree = "<group>";
		};
		4FA13CC825D7B43F004D100A /* LaunchScreen.storyboard */ = {
			isa = PBXVariantGroup;
			children = (
				4FA13CC925D7B43F004D100A /* Base */,
			);
			name = LaunchScreen.storyboard;
			sourceTree = "<group>";
		};
/* End PBXVariantGroup section */

/* Begin XCBuildConfiguration section */
		4FA13CE225D7B440004D100A /* Debug */ = {
			isa = XCBuildConfiguration;
			buildSettings = {
				ALWAYS_SEARCH_USER_PATHS = NO;
				CLANG_ANALYZER_NONNULL = YES;
				CLANG_ANALYZER_NUMBER_OBJECT_CONVERSION = YES_AGGRESSIVE;
				CLANG_CXX_LANGUAGE_STANDARD = "gnu++14";
				CLANG_CXX_LIBRARY = "libc++";
				CLANG_ENABLE_MODULES = YES;
				CLANG_ENABLE_OBJC_ARC = YES;
				CLANG_ENABLE_OBJC_WEAK = YES;
				CLANG_WARN_BLOCK_CAPTURE_AUTORELEASING = YES;
				CLANG_WARN_BOOL_CONVERSION = YES;
				CLANG_WARN_COMMA = YES;
				CLANG_WARN_CONSTANT_CONVERSION = YES;
				CLANG_WARN_DEPRECATED_OBJC_IMPLEMENTATIONS = YES;
				CLANG_WARN_DIRECT_OBJC_ISA_USAGE = YES_ERROR;
				CLANG_WARN_DOCUMENTATION_COMMENTS = YES;
				CLANG_WARN_EMPTY_BODY = YES;
				CLANG_WARN_ENUM_CONVERSION = YES;
				CLANG_WARN_INFINITE_RECURSION = YES;
				CLANG_WARN_INT_CONVERSION = YES;
				CLANG_WARN_NON_LITERAL_NULL_CONVERSION = YES;
				CLANG_WARN_OBJC_IMPLICIT_RETAIN_SELF = YES;
				CLANG_WARN_OBJC_LITERAL_CONVERSION = YES;
				CLANG_WARN_OBJC_ROOT_CLASS = YES_ERROR;
				CLANG_WARN_QUOTED_INCLUDE_IN_FRAMEWORK_HEADER = YES;
				CLANG_WARN_RANGE_LOOP_ANALYSIS = YES;
				CLANG_WARN_STRICT_PROTOTYPES = YES;
				CLANG_WARN_SUSPICIOUS_MOVE = YES;
				CLANG_WARN_UNGUARDED_AVAILABILITY = YES_AGGRESSIVE;
				CLANG_WARN_UNREACHABLE_CODE = YES;
				CLANG_WARN__DUPLICATE_METHOD_MATCH = YES;
				COPY_PHASE_STRIP = NO;
				DEBUG_INFORMATION_FORMAT = dwarf;
				ENABLE_STRICT_OBJC_MSGSEND = YES;
				ENABLE_TESTABILITY = YES;
				GCC_C_LANGUAGE_STANDARD = gnu11;
				GCC_DYNAMIC_NO_PIC = NO;
				GCC_NO_COMMON_BLOCKS = YES;
				GCC_OPTIMIZATION_LEVEL = 0;
				GCC_PREPROCESSOR_DEFINITIONS = (
					"DEBUG=1",
					"$(inherited)",
				);
				GCC_WARN_64_TO_32_BIT_CONVERSION = YES;
				GCC_WARN_ABOUT_RETURN_TYPE = YES_ERROR;
				GCC_WARN_UNDECLARED_SELECTOR = YES;
				GCC_WARN_UNINITIALIZED_AUTOS = YES_AGGRESSIVE;
				GCC_WARN_UNUSED_FUNCTION = YES;
				GCC_WARN_UNUSED_VARIABLE = YES;
				IPHONEOS_DEPLOYMENT_TARGET = 14.2;
				MTL_ENABLE_DEBUG_INFO = INCLUDE_SOURCE;
				MTL_FAST_MATH = YES;
				ONLY_ACTIVE_ARCH = YES;
				SDKROOT = iphoneos;
				SWIFT_ACTIVE_COMPILATION_CONDITIONS = DEBUG;
				SWIFT_OPTIMIZATION_LEVEL = "-Onone";
			};
			name = Debug;
		};
		4FA13CE325D7B440004D100A /* Release */ = {
			isa = XCBuildConfiguration;
			buildSettings = {
				ALWAYS_SEARCH_USER_PATHS = NO;
				CLANG_ANALYZER_NONNULL = YES;
				CLANG_ANALYZER_NUMBER_OBJECT_CONVERSION = YES_AGGRESSIVE;
				CLANG_CXX_LANGUAGE_STANDARD = "gnu++14";
				CLANG_CXX_LIBRARY = "libc++";
				CLANG_ENABLE_MODULES = YES;
				CLANG_ENABLE_OBJC_ARC = YES;
				CLANG_ENABLE_OBJC_WEAK = YES;
				CLANG_WARN_BLOCK_CAPTURE_AUTORELEASING = YES;
				CLANG_WARN_BOOL_CONVERSION = YES;
				CLANG_WARN_COMMA = YES;
				CLANG_WARN_CONSTANT_CONVERSION = YES;
				CLANG_WARN_DEPRECATED_OBJC_IMPLEMENTATIONS = YES;
				CLANG_WARN_DIRECT_OBJC_ISA_USAGE = YES_ERROR;
				CLANG_WARN_DOCUMENTATION_COMMENTS = YES;
				CLANG_WARN_EMPTY_BODY = YES;
				CLANG_WARN_ENUM_CONVERSION = YES;
				CLANG_WARN_INFINITE_RECURSION = YES;
				CLANG_WARN_INT_CONVERSION = YES;
				CLANG_WARN_NON_LITERAL_NULL_CONVERSION = YES;
				CLANG_WARN_OBJC_IMPLICIT_RETAIN_SELF = YES;
				CLANG_WARN_OBJC_LITERAL_CONVERSION = YES;
				CLANG_WARN_OBJC_ROOT_CLASS = YES_ERROR;
				CLANG_WARN_QUOTED_INCLUDE_IN_FRAMEWORK_HEADER = YES;
				CLANG_WARN_RANGE_LOOP_ANALYSIS = YES;
				CLANG_WARN_STRICT_PROTOTYPES = YES;
				CLANG_WARN_SUSPICIOUS_MOVE = YES;
				CLANG_WARN_UNGUARDED_AVAILABILITY = YES_AGGRESSIVE;
				CLANG_WARN_UNREACHABLE_CODE = YES;
				CLANG_WARN__DUPLICATE_METHOD_MATCH = YES;
				COPY_PHASE_STRIP = NO;
				DEBUG_INFORMATION_FORMAT = "dwarf-with-dsym";
				ENABLE_NS_ASSERTIONS = NO;
				ENABLE_STRICT_OBJC_MSGSEND = YES;
				GCC_C_LANGUAGE_STANDARD = gnu11;
				GCC_NO_COMMON_BLOCKS = YES;
				GCC_WARN_64_TO_32_BIT_CONVERSION = YES;
				GCC_WARN_ABOUT_RETURN_TYPE = YES_ERROR;
				GCC_WARN_UNDECLARED_SELECTOR = YES;
				GCC_WARN_UNINITIALIZED_AUTOS = YES_AGGRESSIVE;
				GCC_WARN_UNUSED_FUNCTION = YES;
				GCC_WARN_UNUSED_VARIABLE = YES;
				IPHONEOS_DEPLOYMENT_TARGET = 14.2;
				MTL_ENABLE_DEBUG_INFO = NO;
				MTL_FAST_MATH = YES;
				SDKROOT = iphoneos;
				SWIFT_COMPILATION_MODE = wholemodule;
				SWIFT_OPTIMIZATION_LEVEL = "-O";
				VALIDATE_PRODUCT = YES;
			};
			name = Release;
		};
		4FA13CE525D7B440004D100A /* Debug */ = {
			isa = XCBuildConfiguration;
			buildSettings = {
				ASSETCATALOG_COMPILER_APPICON_NAME = AppIcon;
				ASSETCATALOG_COMPILER_GLOBAL_ACCENT_COLOR_NAME = AccentColor;
				CODE_SIGN_STYLE = Automatic;
				INFOPLIST_FILE = WeatherApp/Resource/Info.plist;
				LD_RUNPATH_SEARCH_PATHS = (
					"$(inherited)",
					"@executable_path/Frameworks",
				);
				PRODUCT_BUNDLE_IDENTIFIER = com.tomisin.WeatherApp;
				PRODUCT_NAME = "$(TARGET_NAME)";
				SWIFT_VERSION = 5.0;
				TARGETED_DEVICE_FAMILY = "1,2";
			};
			name = Debug;
		};
		4FA13CE625D7B440004D100A /* Release */ = {
			isa = XCBuildConfiguration;
			buildSettings = {
				ASSETCATALOG_COMPILER_APPICON_NAME = AppIcon;
				ASSETCATALOG_COMPILER_GLOBAL_ACCENT_COLOR_NAME = AccentColor;
				CODE_SIGN_STYLE = Automatic;
				INFOPLIST_FILE = WeatherApp/Resource/Info.plist;
				LD_RUNPATH_SEARCH_PATHS = (
					"$(inherited)",
					"@executable_path/Frameworks",
				);
				PRODUCT_BUNDLE_IDENTIFIER = com.tomisin.WeatherApp;
				PRODUCT_NAME = "$(TARGET_NAME)";
				SWIFT_VERSION = 5.0;
				TARGETED_DEVICE_FAMILY = "1,2";
			};
			name = Release;
		};
		4FA13CE825D7B440004D100A /* Debug */ = {
			isa = XCBuildConfiguration;
			buildSettings = {
				ALWAYS_EMBED_SWIFT_STANDARD_LIBRARIES = YES;
				BUNDLE_LOADER = "$(TEST_HOST)";
				CLANG_ENABLE_MODULES = YES;
				CODE_SIGN_STYLE = Automatic;
				INFOPLIST_FILE = WeatherAppTests/Info.plist;
				IPHONEOS_DEPLOYMENT_TARGET = 14.2;
				LD_RUNPATH_SEARCH_PATHS = (
					"$(inherited)",
					"@executable_path/Frameworks",
					"@loader_path/Frameworks",
				);
				PRODUCT_BUNDLE_IDENTIFIER = com.tomisin.WeatherAppTests;
				PRODUCT_NAME = "$(TARGET_NAME)";
				SWIFT_OPTIMIZATION_LEVEL = "-Onone";
				SWIFT_VERSION = 5.0;
				TARGETED_DEVICE_FAMILY = "1,2";
				TEST_HOST = "$(BUILT_PRODUCTS_DIR)/WeatherApp.app/WeatherApp";
			};
			name = Debug;
		};
		4FA13CE925D7B440004D100A /* Release */ = {
			isa = XCBuildConfiguration;
			buildSettings = {
				ALWAYS_EMBED_SWIFT_STANDARD_LIBRARIES = YES;
				BUNDLE_LOADER = "$(TEST_HOST)";
				CLANG_ENABLE_MODULES = YES;
				CODE_SIGN_STYLE = Automatic;
				INFOPLIST_FILE = WeatherAppTests/Info.plist;
				IPHONEOS_DEPLOYMENT_TARGET = 14.2;
				LD_RUNPATH_SEARCH_PATHS = (
					"$(inherited)",
					"@executable_path/Frameworks",
					"@loader_path/Frameworks",
				);
				PRODUCT_BUNDLE_IDENTIFIER = com.tomisin.WeatherAppTests;
				PRODUCT_NAME = "$(TARGET_NAME)";
				SWIFT_VERSION = 5.0;
				TARGETED_DEVICE_FAMILY = "1,2";
				TEST_HOST = "$(BUILT_PRODUCTS_DIR)/WeatherApp.app/WeatherApp";
			};
			name = Release;
		};
		4FA13CEB25D7B440004D100A /* Debug */ = {
			isa = XCBuildConfiguration;
			buildSettings = {
				ALWAYS_EMBED_SWIFT_STANDARD_LIBRARIES = YES;
				CODE_SIGN_STYLE = Automatic;
				INFOPLIST_FILE = WeatherAppUITests/Info.plist;
				LD_RUNPATH_SEARCH_PATHS = (
					"$(inherited)",
					"@executable_path/Frameworks",
					"@loader_path/Frameworks",
				);
				PRODUCT_BUNDLE_IDENTIFIER = com.tomisin.WeatherAppUITests;
				PRODUCT_NAME = "$(TARGET_NAME)";
				SWIFT_VERSION = 5.0;
				TARGETED_DEVICE_FAMILY = "1,2";
				TEST_TARGET_NAME = WeatherApp;
			};
			name = Debug;
		};
		4FA13CEC25D7B440004D100A /* Release */ = {
			isa = XCBuildConfiguration;
			buildSettings = {
				ALWAYS_EMBED_SWIFT_STANDARD_LIBRARIES = YES;
				CODE_SIGN_STYLE = Automatic;
				INFOPLIST_FILE = WeatherAppUITests/Info.plist;
				LD_RUNPATH_SEARCH_PATHS = (
					"$(inherited)",
					"@executable_path/Frameworks",
					"@loader_path/Frameworks",
				);
				PRODUCT_BUNDLE_IDENTIFIER = com.tomisin.WeatherAppUITests;
				PRODUCT_NAME = "$(TARGET_NAME)";
				SWIFT_VERSION = 5.0;
				TARGETED_DEVICE_FAMILY = "1,2";
				TEST_TARGET_NAME = WeatherApp;
			};
			name = Release;
		};
/* End XCBuildConfiguration section */

/* Begin XCConfigurationList section */
		4FA13CB525D7B43D004D100A /* Build configuration list for PBXProject "WeatherApp" */ = {
			isa = XCConfigurationList;
			buildConfigurations = (
				4FA13CE225D7B440004D100A /* Debug */,
				4FA13CE325D7B440004D100A /* Release */,
			);
			defaultConfigurationIsVisible = 0;
			defaultConfigurationName = Release;
		};
		4FA13CE425D7B440004D100A /* Build configuration list for PBXNativeTarget "WeatherApp" */ = {
			isa = XCConfigurationList;
			buildConfigurations = (
				4FA13CE525D7B440004D100A /* Debug */,
				4FA13CE625D7B440004D100A /* Release */,
			);
			defaultConfigurationIsVisible = 0;
			defaultConfigurationName = Release;
		};
		4FA13CE725D7B440004D100A /* Build configuration list for PBXNativeTarget "WeatherAppTests" */ = {
			isa = XCConfigurationList;
			buildConfigurations = (
				4FA13CE825D7B440004D100A /* Debug */,
				4FA13CE925D7B440004D100A /* Release */,
			);
			defaultConfigurationIsVisible = 0;
			defaultConfigurationName = Release;
		};
		4FA13CEA25D7B440004D100A /* Build configuration list for PBXNativeTarget "WeatherAppUITests" */ = {
			isa = XCConfigurationList;
			buildConfigurations = (
				4FA13CEB25D7B440004D100A /* Debug */,
				4FA13CEC25D7B440004D100A /* Release */,
			);
			defaultConfigurationIsVisible = 0;
			defaultConfigurationName = Release;
		};
/* End XCConfigurationList section */
	};
	rootObject = 4FA13CB225D7B43D004D100A /* Project object */;
}
